// !$*UTF8*$!
{
	archiveVersion = 1;
	classes = {
	};
	objectVersion = 77;
	objects = {

/* Begin PBXContainerItemProxy section */
		487176C42F3E94FD00697DD9 /* PBXContainerItemProxy */ = {
			isa = PBXContainerItemProxy;
			containerPortal = 487176AE2F3E94FB00697DD9 /* Project object */;
			proxyType = 1;
			remoteGlobalIDString = 487176B52F3E94FB00697DD9;
			remoteInfo = GolfSwingAnalyzeriOS;
		};
		487176CE2F3E94FD00697DD9 /* PBXContainerItemProxy */ = {
			isa = PBXContainerItemProxy;
			containerPortal = 487176AE2F3E94FB00697DD9 /* Project object */;
			proxyType = 1;
			remoteGlobalIDString = 487176B52F3E94FB00697DD9;
			remoteInfo = GolfSwingAnalyzeriOS;
		};
/* End PBXContainerItemProxy section */

/* Begin PBXFileReference section */
		487176B62F3E94FB00697DD9 /* GolfSwingAnalyzeriOS.app */ = {isa = PBXFileReference; explicitFileType = wrapper.application; includeInIndex = 0; path = GolfSwingAnalyzeriOS.app; sourceTree = BUILT_PRODUCTS_DIR; };
		487176C32F3E94FD00697DD9 /* GolfSwingAnalyzeriOSTests.xctest */ = {isa = PBXFileReference; explicitFileType = wrapper.cfbundle; includeInIndex = 0; path = GolfSwingAnalyzeriOSTests.xctest; sourceTree = BUILT_PRODUCTS_DIR; };
		487176CD2F3E94FD00697DD9 /* GolfSwingAnalyzeriOSUITests.xctest */ = {isa = PBXFileReference; explicitFileType = wrapper.cfbundle; includeInIndex = 0; path = GolfSwingAnalyzeriOSUITests.xctest; sourceTree = BUILT_PRODUCTS_DIR; };
/* End PBXFileReference section */

/* Begin PBXFileSystemSynchronizedRootGroup section */
		487176B82F3E94FB00697DD9 /* GolfSwingAnalyzeriOS */ = {
			isa = PBXFileSystemSynchronizedRootGroup;
			path = GolfSwingAnalyzeriOS;
			sourceTree = "<group>";
		};
		487176C62F3E94FD00697DD9 /* GolfSwingAnalyzeriOSTests */ = {
			isa = PBXFileSystemSynchronizedRootGroup;
			path = GolfSwingAnalyzeriOSTests;
			sourceTree = "<group>";
		};
		487176D02F3E94FD00697DD9 /* GolfSwingAnalyzeriOSUITests */ = {
			isa = PBXFileSystemSynchronizedRootGroup;
			path = GolfSwingAnalyzeriOSUITests;
			sourceTree = "<group>";
		};
/* End PBXFileSystemSynchronizedRootGroup section */

/* Begin PBXFrameworksBuildPhase section */
		487176B32F3E94FB00697DD9 /* Frameworks */ = {
			isa = PBXFrameworksBuildPhase;
			buildActionMask = 2147483647;
			files = (
			);
			runOnlyForDeploymentPostprocessing = 0;
		};
		487176C02F3E94FD00697DD9 /* Frameworks */ = {
			isa = PBXFrameworksBuildPhase;
			buildActionMask = 2147483647;
			files = (
			);
			runOnlyForDeploymentPostprocessing = 0;
		};
		487176CA2F3E94FD00697DD9 /* Frameworks */ = {
			isa = PBXFrameworksBuildPhase;
			buildActionMask = 2147483647;
			files = (
			);
			runOnlyForDeploymentPostprocessing = 0;
		};
/* End PBXFrameworksBuildPhase section */

/* Begin PBXGroup section */
		487176AD2F3E94FB00697DD9 = {
			isa = PBXGroup;
			children = (
				487176B82F3E94FB00697DD9 /* GolfSwingAnalyzeriOS */,
				487176C62F3E94FD00697DD9 /* GolfSwingAnalyzeriOSTests */,
				487176D02F3E94FD00697DD9 /* GolfSwingAnalyzeriOSUITests */,
				487176B72F3E94FB00697DD9 /* Products */,
			);
			sourceTree = "<group>";
		};
		487176B72F3E94FB00697DD9 /* Products */ = {
			isa = PBXGroup;
			children = (
				487176B62F3E94FB00697DD9 /* GolfSwingAnalyzeriOS.app */,
				487176C32F3E94FD00697DD9 /* GolfSwingAnalyzeriOSTests.xctest */,
				487176CD2F3E94FD00697DD9 /* GolfSwingAnalyzeriOSUITests.xctest */,
			);
			name = Products;
			sourceTree = "<group>";
		};
/* End PBXGroup section */

/* Begin PBXNativeTarget section */
		487176B52F3E94FB00697DD9 /* GolfSwingAnalyzeriOS */ = {
			isa = PBXNativeTarget;
			buildConfigurationList = 487176D72F3E94FD00697DD9 /* Build configuration list for PBXNativeTarget "GolfSwingAnalyzeriOS" */;
			buildPhases = (
				487176B22F3E94FB00697DD9 /* Sources */,
				487176B32F3E94FB00697DD9 /* Frameworks */,
				487176B42F3E94FB00697DD9 /* Resources */,
			);
			buildRules = (
			);
			dependencies = (
			);
			fileSystemSynchronizedGroups = (
				487176B82F3E94FB00697DD9 /* GolfSwingAnalyzeriOS */,
			);
			name = GolfSwingAnalyzeriOS;
			packageProductDependencies = (
			);
			productName = GolfSwingAnalyzeriOS;
			productReference = 487176B62F3E94FB00697DD9 /* GolfSwingAnalyzeriOS.app */;
			productType = "com.apple.product-type.application";
		};
		487176C22F3E94FD00697DD9 /* GolfSwingAnalyzeriOSTests */ = {
			isa = PBXNativeTarget;
			buildConfigurationList = 487176DA2F3E94FD00697DD9 /* Build configuration list for PBXNativeTarget "GolfSwingAnalyzeriOSTests" */;
			buildPhases = (
				487176BF2F3E94FD00697DD9 /* Sources */,
				487176C02F3E94FD00697DD9 /* Frameworks */,
				487176C12F3E94FD00697DD9 /* Resources */,
			);
			buildRules = (
			);
			dependencies = (
				487176C52F3E94FD00697DD9 /* PBXTargetDependency */,
			);
			fileSystemSynchronizedGroups = (
				487176C62F3E94FD00697DD9 /* GolfSwingAnalyzeriOSTests */,
			);
			name = GolfSwingAnalyzeriOSTests;
			packageProductDependencies = (
			);
			productName = GolfSwingAnalyzeriOSTests;
			productReference = 487176C32F3E94FD00697DD9 /* GolfSwingAnalyzeriOSTests.xctest */;
			productType = "com.apple.product-type.bundle.unit-test";
		};
		487176CC2F3E94FD00697DD9 /* GolfSwingAnalyzeriOSUITests */ = {
			isa = PBXNativeTarget;
			buildConfigurationList = 487176DD2F3E94FD00697DD9 /* Build configuration list for PBXNativeTarget "GolfSwingAnalyzeriOSUITests" */;
			buildPhases = (
				487176C92F3E94FD00697DD9 /* Sources */,
				487176CA2F3E94FD00697DD9 /* Frameworks */,
				487176CB2F3E94FD00697DD9 /* Resources */,
			);
			buildRules = (
			);
			dependencies = (
				487176CF2F3E94FD00697DD9 /* PBXTargetDependency */,
			);
			fileSystemSynchronizedGroups = (
				487176D02F3E94FD00697DD9 /* GolfSwingAnalyzeriOSUITests */,
			);
			name = GolfSwingAnalyzeriOSUITests;
			packageProductDependencies = (
			);
			productName = GolfSwingAnalyzeriOSUITests;
			productReference = 487176CD2F3E94FD00697DD9 /* GolfSwingAnalyzeriOSUITests.xctest */;
			productType = "com.apple.product-type.bundle.ui-testing";
		};
/* End PBXNativeTarget section */

/* Begin PBXProject section */
		487176AE2F3E94FB00697DD9 /* Project object */ = {
			isa = PBXProject;
			attributes = {
				BuildIndependentTargetsInParallel = 1;
				LastSwiftUpdateCheck = 2620;
				LastUpgradeCheck = 2620;
				TargetAttributes = {
					487176B52F3E94FB00697DD9 = {
						CreatedOnToolsVersion = 26.2;
					};
					487176C22F3E94FD00697DD9 = {
						CreatedOnToolsVersion = 26.2;
						TestTargetID = 487176B52F3E94FB00697DD9;
					};
					487176CC2F3E94FD00697DD9 = {
						CreatedOnToolsVersion = 26.2;
						TestTargetID = 487176B52F3E94FB00697DD9;
					};
				};
			};
			buildConfigurationList = 487176B12F3E94FB00697DD9 /* Build configuration list for PBXProject "GolfSwingAnalyzeriOS" */;
			developmentRegion = en;
			hasScannedForEncodings = 0;
			knownRegions = (
				en,
				Base,
			);
			mainGroup = 487176AD2F3E94FB00697DD9;
			minimizedProjectReferenceProxies = 1;
			preferredProjectObjectVersion = 77;
			productRefGroup = 487176B72F3E94FB00697DD9 /* Products */;
			projectDirPath = "";
			projectRoot = "";
			targets = (
				487176B52F3E94FB00697DD9 /* GolfSwingAnalyzeriOS */,
				487176C22F3E94FD00697DD9 /* GolfSwingAnalyzeriOSTests */,
				487176CC2F3E94FD00697DD9 /* GolfSwingAnalyzeriOSUITests */,
			);
		};
/* End PBXProject section */

/* Begin PBXResourcesBuildPhase section */
		487176B42F3E94FB00697DD9 /* Resources */ = {
			isa = PBXResourcesBuildPhase;
			buildActionMask = 2147483647;
			files = (
			);
			runOnlyForDeploymentPostprocessing = 0;
		};
		487176C12F3E94FD00697DD9 /* Resources */ = {
			isa = PBXResourcesBuildPhase;
			buildActionMask = 2147483647;
			files = (
			);
			runOnlyForDeploymentPostprocessing = 0;
		};
		487176CB2F3E94FD00697DD9 /* Resources */ = {
			isa = PBXResourcesBuildPhase;
			buildActionMask = 2147483647;
			files = (
			);
			runOnlyForDeploymentPostprocessing = 0;
		};
/* End PBXResourcesBuildPhase section */

/* Begin PBXSourcesBuildPhase section */
		487176B22F3E94FB00697DD9 /* Sources */ = {
			isa = PBXSourcesBuildPhase;
			buildActionMask = 2147483647;
			files = (
			);
			runOnlyForDeploymentPostprocessing = 0;
		};
		487176BF2F3E94FD00697DD9 /* Sources */ = {
			isa = PBXSourcesBuildPhase;
			buildActionMask = 2147483647;
			files = (
			);
			runOnlyForDeploymentPostprocessing = 0;
		};
		487176C92F3E94FD00697DD9 /* Sources */ = {
			isa = PBXSourcesBuildPhase;
			buildActionMask = 2147483647;
			files = (
			);
			runOnlyForDeploymentPostprocessing = 0;
		};
/* End PBXSourcesBuildPhase section */

/* Begin PBXTargetDependency section */
		487176C52F3E94FD00697DD9 /* PBXTargetDependency */ = {
			isa = PBXTargetDependency;
			target = 487176B52F3E94FB00697DD9 /* GolfSwingAnalyzeriOS */;
			targetProxy = 487176C42F3E94FD00697DD9 /* PBXContainerItemProxy */;
		};
		487176CF2F3E94FD00697DD9 /* PBXTargetDependency */ = {
			isa = PBXTargetDependency;
			target = 487176B52F3E94FB00697DD9 /* GolfSwingAnalyzeriOS */;
			targetProxy = 487176CE2F3E94FD00697DD9 /* PBXContainerItemProxy */;
		};
/* End PBXTargetDependency section */

/* Begin XCBuildConfiguration section */
		487176D52F3E94FD00697DD9 /* Debug */ = {
			isa = XCBuildConfiguration;
			buildSettings = {
				ALWAYS_SEARCH_USER_PATHS = NO;
				ASSETCATALOG_COMPILER_GENERATE_SWIFT_ASSET_SYMBOL_EXTENSIONS = YES;
				CLANG_ANALYZER_NONNULL = YES;
				CLANG_ANALYZER_NUMBER_OBJECT_CONVERSION = YES_AGGRESSIVE;
				CLANG_CXX_LANGUAGE_STANDARD = "gnu++20";
				CLANG_ENABLE_MODULES = YES;
				CLANG_ENABLE_OBJC_ARC = YES;
				CLANG_ENABLE_OBJC_WEAK = YES;
				CLANG_WARN_BLOCK_CAPTURE_AUTORELEASING = YES;
				CLANG_WARN_BOOL_CONVERSION = YES;
				CLANG_WARN_COMMA = YES;
				CLANG_WARN_CONSTANT_CONVERSION = YES;
				CLANG_WARN_DEPRECATED_OBJC_IMPLEMENTATIONS = YES;
				CLANG_WARN_DIRECT_OBJC_ISA_USAGE = YES_ERROR;
				CLANG_WARN_DOCUMENTATION_COMMENTS = YES;
				CLANG_WARN_EMPTY_BODY = YES;
				CLANG_WARN_ENUM_CONVERSION = YES;
				CLANG_WARN_INFINITE_RECURSION = YES;
				CLANG_WARN_INT_CONVERSION = YES;
				CLANG_WARN_NON_LITERAL_NULL_CONVERSION = YES;
				CLANG_WARN_OBJC_IMPLICIT_RETAIN_SELF = YES;
				CLANG_WARN_OBJC_LITERAL_CONVERSION = YES;
				CLANG_WARN_OBJC_ROOT_CLASS = YES_ERROR;
				CLANG_WARN_QUOTED_INCLUDE_IN_FRAMEWORK_HEADER = YES;
				CLANG_WARN_RANGE_LOOP_ANALYSIS = YES;
				CLANG_WARN_STRICT_PROTOTYPES = YES;
				CLANG_WARN_SUSPICIOUS_MOVE = YES;
				CLANG_WARN_UNGUARDED_AVAILABILITY = YES_AGGRESSIVE;
				CLANG_WARN_UNREACHABLE_CODE = YES;
				CLANG_WARN__DUPLICATE_METHOD_MATCH = YES;
				COPY_PHASE_STRIP = NO;
				DEBUG_INFORMATION_FORMAT = dwarf;
				DEVELOPMENT_TEAM = S3UCMXY8T3;
				ENABLE_STRICT_OBJC_MSGSEND = YES;
				ENABLE_TESTABILITY = YES;
				ENABLE_USER_SCRIPT_SANDBOXING = YES;
				GCC_C_LANGUAGE_STANDARD = gnu17;
				GCC_DYNAMIC_NO_PIC = NO;
				GCC_NO_COMMON_BLOCKS = YES;
				GCC_OPTIMIZATION_LEVEL = 0;
				GCC_PREPROCESSOR_DEFINITIONS = (
					"DEBUG=1",
					"$(inherited)",
				);
				GCC_WARN_64_TO_32_BIT_CONVERSION = YES;
				GCC_WARN_ABOUT_RETURN_TYPE = YES_ERROR;
				GCC_WARN_UNDECLARED_SELECTOR = YES;
				GCC_WARN_UNINITIALIZED_AUTOS = YES_AGGRESSIVE;
				GCC_WARN_UNUSED_FUNCTION = YES;
				GCC_WARN_UNUSED_VARIABLE = YES;
				IPHONEOS_DEPLOYMENT_TARGET = 26.2;
				LOCALIZATION_PREFERS_STRING_CATALOGS = YES;
				MTL_ENABLE_DEBUG_INFO = INCLUDE_SOURCE;
				MTL_FAST_MATH = YES;
				ONLY_ACTIVE_ARCH = YES;
				SDKROOT = iphoneos;
				SWIFT_ACTIVE_COMPILATION_CONDITIONS = "DEBUG $(inherited)";
				SWIFT_OPTIMIZATION_LEVEL = "-Onone";
			};
			name = Debug;
		};
		487176D62F3E94FD00697DD9 /* Release */ = {
			isa = XCBuildConfiguration;
			buildSettings = {
				ALWAYS_SEARCH_USER_PATHS = NO;
				ASSETCATALOG_COMPILER_GENERATE_SWIFT_ASSET_SYMBOL_EXTENSIONS = YES;
				CLANG_ANALYZER_NONNULL = YES;
				CLANG_ANALYZER_NUMBER_OBJECT_CONVERSION = YES_AGGRESSIVE;
				CLANG_CXX_LANGUAGE_STANDARD = "gnu++20";
				CLANG_ENABLE_MODULES = YES;
				CLANG_ENABLE_OBJC_ARC = YES;
				CLANG_ENABLE_OBJC_WEAK = YES;
				CLANG_WARN_BLOCK_CAPTURE_AUTORELEASING = YES;
				CLANG_WARN_BOOL_CONVERSION = YES;
				CLANG_WARN_COMMA = YES;
				CLANG_WARN_CONSTANT_CONVERSION = YES;
				CLANG_WARN_DEPRECATED_OBJC_IMPLEMENTATIONS = YES;
				CLANG_WARN_DIRECT_OBJC_ISA_USAGE = YES_ERROR;
				CLANG_WARN_DOCUMENTATION_COMMENTS = YES;
				CLANG_WARN_EMPTY_BODY = YES;
				CLANG_WARN_ENUM_CONVERSION = YES;
				CLANG_WARN_INFINITE_RECURSION = YES;
				CLANG_WARN_INT_CONVERSION = YES;
				CLANG_WARN_NON_LITERAL_NULL_CONVERSION = YES;
				CLANG_WARN_OBJC_IMPLICIT_RETAIN_SELF = YES;
				CLANG_WARN_OBJC_LITERAL_CONVERSION = YES;
				CLANG_WARN_OBJC_ROOT_CLASS = YES_ERROR;
				CLANG_WARN_QUOTED_INCLUDE_IN_FRAMEWORK_HEADER = YES;
				CLANG_WARN_RANGE_LOOP_ANALYSIS = YES;
				CLANG_WARN_STRICT_PROTOTYPES = YES;
				CLANG_WARN_SUSPICIOUS_MOVE = YES;
				CLANG_WARN_UNGUARDED_AVAILABILITY = YES_AGGRESSIVE;
				CLANG_WARN_UNREACHABLE_CODE = YES;
				CLANG_WARN__DUPLICATE_METHOD_MATCH = YES;
				COPY_PHASE_STRIP = NO;
				DEBUG_INFORMATION_FORMAT = "dwarf-with-dsym";
				DEVELOPMENT_TEAM = S3UCMXY8T3;
				ENABLE_NS_ASSERTIONS = NO;
				ENABLE_STRICT_OBJC_MSGSEND = YES;
				ENABLE_USER_SCRIPT_SANDBOXING = YES;
				GCC_C_LANGUAGE_STANDARD = gnu17;
				GCC_NO_COMMON_BLOCKS = YES;
				GCC_WARN_64_TO_32_BIT_CONVERSION = YES;
				GCC_WARN_ABOUT_RETURN_TYPE = YES_ERROR;
				GCC_WARN_UNDECLARED_SELECTOR = YES;
				GCC_WARN_UNINITIALIZED_AUTOS = YES_AGGRESSIVE;
				GCC_WARN_UNUSED_FUNCTION = YES;
				GCC_WARN_UNUSED_VARIABLE = YES;
				IPHONEOS_DEPLOYMENT_TARGET = 26.2;
				LOCALIZATION_PREFERS_STRING_CATALOGS = YES;
				MTL_ENABLE_DEBUG_INFO = NO;
				MTL_FAST_MATH = YES;
				SDKROOT = iphoneos;
				SWIFT_COMPILATION_MODE = wholemodule;
				VALIDATE_PRODUCT = YES;
			};
			name = Release;
		};
		487176D82F3E94FD00697DD9 /* Debug */ = {
			isa = XCBuildConfiguration;
			buildSettings = {
				ASSETCATALOG_COMPILER_APPICON_NAME = AppIcon;
				ASSETCATALOG_COMPILER_GLOBAL_ACCENT_COLOR_NAME = AccentColor;
				CODE_SIGN_STYLE = Automatic;
				CURRENT_PROJECT_VERSION = 1;
				DEVELOPMENT_TEAM = S3UCMXY8T3;
				ENABLE_PREVIEWS = YES;
				GENERATE_INFOPLIST_FILE = YES;
				INFOPLIST_KEY_UIApplicationSceneManifest_Generation = YES;
				INFOPLIST_KEY_UIApplicationSupportsIndirectInputEvents = YES;
				INFOPLIST_KEY_UILaunchScreen_Generation = YES;
				INFOPLIST_KEY_UISupportedInterfaceOrientations_iPad = "UIInterfaceOrientationPortrait UIInterfaceOrientationPortraitUpsideDown UIInterfaceOrientationLandscapeLeft UIInterfaceOrientationLandscapeRight";
				INFOPLIST_KEY_UISupportedInterfaceOrientations_iPhone = "UIInterfaceOrientationPortrait UIInterfaceOrientationLandscapeLeft UIInterfaceOrientationLandscapeRight";
				LD_RUNPATH_SEARCH_PATHS = (
					"$(inherited)",
					"@executable_path/Frameworks",
				);
				MARKETING_VERSION = 1.0;
				PRODUCT_BUNDLE_IDENTIFIER = name.adityakunatharaju.GolfSwingAnalyzeriOS;
				PRODUCT_NAME = "$(TARGET_NAME)";
				STRING_CATALOG_GENERATE_SYMBOLS = YES;
				SWIFT_APPROACHABLE_CONCURRENCY = YES;
				SWIFT_DEFAULT_ACTOR_ISOLATION = MainActor;
				SWIFT_EMIT_LOC_STRINGS = YES;
				SWIFT_UPCOMING_FEATURE_MEMBER_IMPORT_VISIBILITY = YES;
				SWIFT_VERSION = 5.0;
				TARGETED_DEVICE_FAMILY = "1,2";
			};
			name = Debug;
		};
		487176D92F3E94FD00697DD9 /* Release */ = {
			isa = XCBuildConfiguration;
			buildSettings = {
				ASSETCATALOG_COMPILER_APPICON_NAME = AppIcon;
				ASSETCATALOG_COMPILER_GLOBAL_ACCENT_COLOR_NAME = AccentColor;
				CODE_SIGN_STYLE = Automatic;
				CURRENT_PROJECT_VERSION = 1;
				DEVELOPMENT_TEAM = S3UCMXY8T3;
				ENABLE_PREVIEWS = YES;
				GENERATE_INFOPLIST_FILE = YES;
				INFOPLIST_KEY_UIApplicationSceneManifest_Generation = YES;
				INFOPLIST_KEY_UIApplicationSupportsIndirectInputEvents = YES;
				INFOPLIST_KEY_UILaunchScreen_Generation = YES;
				INFOPLIST_KEY_UISupportedInterfaceOrientations_iPad = "UIInterfaceOrientationPortrait UIInterfaceOrientationPortraitUpsideDown UIInterfaceOrientationLandscapeLeft UIInterfaceOrientationLandscapeRight";
				INFOPLIST_KEY_UISupportedInterfaceOrientations_iPhone = "UIInterfaceOrientationPortrait UIInterfaceOrientationLandscapeLeft UIInterfaceOrientationLandscapeRight";
				LD_RUNPATH_SEARCH_PATHS = (
					"$(inherited)",
					"@executable_path/Frameworks",
				);
				MARKETING_VERSION = 1.0;
				PRODUCT_BUNDLE_IDENTIFIER = name.adityakunatharaju.GolfSwingAnalyzeriOS;
				PRODUCT_NAME = "$(TARGET_NAME)";
				STRING_CATALOG_GENERATE_SYMBOLS = YES;
				SWIFT_APPROACHABLE_CONCURRENCY = YES;
				SWIFT_DEFAULT_ACTOR_ISOLATION = MainActor;
				SWIFT_EMIT_LOC_STRINGS = YES;
				SWIFT_UPCOMING_FEATURE_MEMBER_IMPORT_VISIBILITY = YES;
				SWIFT_VERSION = 5.0;
				TARGETED_DEVICE_FAMILY = "1,2";
			};
			name = Release;
		};
		487176DB2F3E94FD00697DD9 /* Debug */ = {
			isa = XCBuildConfiguration;
			buildSettings = {
				BUNDLE_LOADER = "$(TEST_HOST)";
				CODE_SIGN_STYLE = Automatic;
				CURRENT_PROJECT_VERSION = 1;
				DEVELOPMENT_TEAM = S3UCMXY8T3;
				GENERATE_INFOPLIST_FILE = YES;
				IPHONEOS_DEPLOYMENT_TARGET = 26.2;
				MARKETING_VERSION = 1.0;
				PRODUCT_BUNDLE_IDENTIFIER = name.adityakunatharaju.GolfSwingAnalyzeriOSTests;
				PRODUCT_NAME = "$(TARGET_NAME)";
				STRING_CATALOG_GENERATE_SYMBOLS = NO;
				SWIFT_APPROACHABLE_CONCURRENCY = YES;
				SWIFT_EMIT_LOC_STRINGS = NO;
				SWIFT_UPCOMING_FEATURE_MEMBER_IMPORT_VISIBILITY = YES;
				SWIFT_VERSION = 5.0;
				TARGETED_DEVICE_FAMILY = "1,2";
				TEST_HOST = "$(BUILT_PRODUCTS_DIR)/GolfSwingAnalyzeriOS.app/$(BUNDLE_EXECUTABLE_FOLDER_PATH)/GolfSwingAnalyzeriOS";
			};
			name = Debug;
		};
		487176DC2F3E94FD00697DD9 /* Release */ = {
			isa = XCBuildConfiguration;
			buildSettings = {
				BUNDLE_LOADER = "$(TEST_HOST)";
				CODE_SIGN_STYLE = Automatic;
				CURRENT_PROJECT_VERSION = 1;
				DEVELOPMENT_TEAM = S3UCMXY8T3;
				GENERATE_INFOPLIST_FILE = YES;
				IPHONEOS_DEPLOYMENT_TARGET = 26.2;
				MARKETING_VERSION = 1.0;
				PRODUCT_BUNDLE_IDENTIFIER = name.adityakunatharaju.GolfSwingAnalyzeriOSTests;
				PRODUCT_NAME = "$(TARGET_NAME)";
				STRING_CATALOG_GENERATE_SYMBOLS = NO;
				SWIFT_APPROACHABLE_CONCURRENCY = YES;
				SWIFT_EMIT_LOC_STRINGS = NO;
				SWIFT_UPCOMING_FEATURE_MEMBER_IMPORT_VISIBILITY = YES;
				SWIFT_VERSION = 5.0;
				TARGETED_DEVICE_FAMILY = "1,2";
				TEST_HOST = "$(BUILT_PRODUCTS_DIR)/GolfSwingAnalyzeriOS.app/$(BUNDLE_EXECUTABLE_FOLDER_PATH)/GolfSwingAnalyzeriOS";
			};
			name = Release;
		};
		487176DE2F3E94FD00697DD9 /* Debug */ = {
			isa = XCBuildConfiguration;
			buildSettings = {
				CODE_SIGN_STYLE = Automatic;
				CURRENT_PROJECT_VERSION = 1;
				DEVELOPMENT_TEAM = S3UCMXY8T3;
				GENERATE_INFOPLIST_FILE = YES;
				MARKETING_VERSION = 1.0;
				PRODUCT_BUNDLE_IDENTIFIER = name.adityakunatharaju.GolfSwingAnalyzeriOSUITests;
				PRODUCT_NAME = "$(TARGET_NAME)";
				STRING_CATALOG_GENERATE_SYMBOLS = NO;
				SWIFT_APPROACHABLE_CONCURRENCY = YES;
				SWIFT_EMIT_LOC_STRINGS = NO;
				SWIFT_UPCOMING_FEATURE_MEMBER_IMPORT_VISIBILITY = YES;
				SWIFT_VERSION = 5.0;
				TARGETED_DEVICE_FAMILY = "1,2";
				TEST_TARGET_NAME = GolfSwingAnalyzeriOS;
			};
			name = Debug;
		};
		487176DF2F3E94FD00697DD9 /* Release */ = {
			isa = XCBuildConfiguration;
			buildSettings = {
				CODE_SIGN_STYLE = Automatic;
				CURRENT_PROJECT_VERSION = 1;
				DEVELOPMENT_TEAM = S3UCMXY8T3;
				GENERATE_INFOPLIST_FILE = YES;
				MARKETING_VERSION = 1.0;
				PRODUCT_BUNDLE_IDENTIFIER = name.adityakunatharaju.GolfSwingAnalyzeriOSUITests;
				PRODUCT_NAME = "$(TARGET_NAME)";
				STRING_CATALOG_GENERATE_SYMBOLS = NO;
				SWIFT_APPROACHABLE_CONCURRENCY = YES;
				SWIFT_EMIT_LOC_STRINGS = NO;
				SWIFT_UPCOMING_FEATURE_MEMBER_IMPORT_VISIBILITY = YES;
				SWIFT_VERSION = 5.0;
				TARGETED_DEVICE_FAMILY = "1,2";
				TEST_TARGET_NAME = GolfSwingAnalyzeriOS;
			};
			name = Release;
		};
/* End XCBuildConfiguration section */

/* Begin XCConfigurationList section */
		487176B12F3E94FB00697DD9 /* Build configuration list for PBXProject "GolfSwingAnalyzeriOS" */ = {
			isa = XCConfigurationList;
			buildConfigurations = (
				487176D52F3E94FD00697DD9 /* Debug */,
				487176D62F3E94FD00697DD9 /* Release */,
			);
			defaultConfigurationIsVisible = 0;
			defaultConfigurationName = Release;
		};
		487176D72F3E94FD00697DD9 /* Build configuration list for PBXNativeTarget "GolfSwingAnalyzeriOS" */ = {
			isa = XCConfigurationList;
			buildConfigurations = (
				487176D82F3E94FD00697DD9 /* Debug */,
				487176D92F3E94FD00697DD9 /* Release */,
			);
			defaultConfigurationIsVisible = 0;
			defaultConfigurationName = Release;
		};
		487176DA2F3E94FD00697DD9 /* Build configuration list for PBXNativeTarget "GolfSwingAnalyzeriOSTests" */ = {
			isa = XCConfigurationList;
			buildConfigurations = (
				487176DB2F3E94FD00697DD9 /* Debug */,
				487176DC2F3E94FD00697DD9 /* Release */,
			);
			defaultConfigurationIsVisible = 0;
			defaultConfigurationName = Release;
		};
		487176DD2F3E94FD00697DD9 /* Build configuration list for PBXNativeTarget "GolfSwingAnalyzeriOSUITests" */ = {
			isa = XCConfigurationList;
			buildConfigurations = (
				487176DE2F3E94FD00697DD9 /* Debug */,
				487176DF2F3E94FD00697DD9 /* Release */,
			);
			defaultConfigurationIsVisible = 0;
			defaultConfigurationName = Release;
		};
/* End XCConfigurationList section */
	};
	rootObject = 487176AE2F3E94FB00697DD9 /* Project object */;
}
